<?xml version="1.0" encoding="utf-8"?>
<Project ToolsVersion="4.0" xmlns="http://schemas.microsoft.com/developer/msbuild/2003">
  <ItemGroup>
    <Filter Include="Source Files">
      <UniqueIdentifier>{4FC737F1-C7A5-4376-A066-2A32D752A2FF}</UniqueIdentifier>
      <Extensions>cpp;c;cc;cxx;c++;cppm;ixx;def;odl;idl;hpj;bat;asm;asmx</Extensions>
    </Filter>
    <Filter Include="Header Files">
      <UniqueIdentifier>{93995380-89BD-4b04-88EB-625FBE52EBFB}</UniqueIdentifier>
      <Extensions>h;hh;hpp;hxx;h++;hm;inl;inc;ipp;xsd</Extensions>
    </Filter>
    <Filter Include="Resource Files">
      <UniqueIdentifier>{67DA6AB6-F800-4c08-8B7A-83BB121AAD01}</UniqueIdentifier>
      <Extensions>rc;ico;cur;bmp;dlg;rc2;rct;bin;rgs;gif;jpg;jpeg;jpe;resx;tiff;tif;png;wav;mfcribbon-ms</Extensions>
    </Filter>
  </ItemGroup>
  <ItemGroup>
    <ResourceCompile Include="resources\dvsku_toolkit_gui.rc">
      <Filter>Resource Files</Filter>
    </ResourceCompile>
  </ItemGroup>
  <ItemGroup>
    <ClInclude Include="resources\resource.h">
      <Filter>Header Files</Filter>
    </ClInclude>
    <ClInclude Include="components\base\comp_evp_base.hpp">
      <Filter>Header Files</Filter>
    </ClInclude>
    <ClInclude Include="components\base\comp_crypt_base.hpp">
      <Filter>Header Files</Filter>
    </ClInclude>
    <ClInclude Include="components\components_bundle.hpp">
      <Filter>Header Files</Filter>
    </ClInclude>
    <ClInclude Include="components\comp_view.hpp">
      <Filter>Header Files</Filter>
    </ClInclude>
    <ClInclude Include="systems\systems_bundle.hpp">
      <Filter>Header Files</Filter>
    </ClInclude>
    <ClInclude Include="components\comp_view_evp_pack.hpp">
      <Filter>Header Files</Filter>
    </ClInclude>
    <ClInclude Include="app.hpp">
      <Filter>Header Files</Filter>
    </ClInclude>
    <ClInclude Include="fonts\font_roboto.hpp">
      <Filter>Header Files</Filter>
    </ClInclude>
    <ClInclude Include="components\comp_view_evp_unpack.hpp">
      <Filter>Header Files</Filter>
    </ClInclude>
    <ClInclude Include="components\comp_view_encrypt.hpp">
      <Filter>Header Files</Filter>
    </ClInclude>
    <ClInclude Include="components\comp_view_decrypt.hpp">
      <Filter>Header Files</Filter>
    </ClInclude>
    <ClInclude Include="utilities\utilities_file_dialog.hpp">
      <Filter>Header Files</Filter>
    </ClInclude>
    <ClInclude Include="systems\sys_evp.hpp">
      <Filter>Header Files</Filter>
    </ClInclude>
    <ClInclude Include="fonts\font_fontawesome_solid.hpp">
      <Filter>Header Files</Filter>
    </ClInclude>
    <ClInclude Include="systems\sys_crypt.hpp">
      <Filter>Header Files</Filter>
    </ClInclude>
    <ClInclude Include="systems\sys_taskbar.hpp">
      <Filter>Header Files</Filter>
    </ClInclude>
  </ItemGroup>
  <ItemGroup>
    <Image Include="resources\appicon.ico">
      <Filter>Resource Files</Filter>
    </Image>
  </ItemGroup>
  <ItemGroup>
    <None Include="resources\dvsku_toolkit_gui.aps" />
  </ItemGroup>
  <ItemGroup>
    <ClCompile Include="dvsku_toolkit_gui.cpp">
      <Filter>Source Files</Filter>
    </ClCompile>
    <ClCompile Include="components\base\comp_evp_base.cpp">
      <Filter>Source Files</Filter>
    </ClCompile>
    <ClCompile Include="components\base\comp_crypt_base.cpp">
      <Filter>Source Files</Filter>
    </ClCompile>
    <ClCompile Include="components\components_bundle.cpp">
      <Filter>Source Files</Filter>
    </ClCompile>
    <ClCompile Include="components\comp_view.cpp">
      <Filter>Source Files</Filter>
    </ClCompile>
    <ClCompile Include="systems\systems_bundle.cpp">
      <Filter>Source Files</Filter>
    </ClCompile>
    <ClCompile Include="components\comp_view_evp_pack.cpp">
      <Filter>Source Files</Filter>
    </ClCompile>
    <ClCompile Include="app.cpp">
      <Filter>Source Files</Filter>
    </ClCompile>
    <ClCompile Include="components\comp_view_evp_unpack.cpp">
      <Filter>Source Files</Filter>
    </ClCompile>
    <ClCompile Include="components\comp_view_encrypt.cpp">
      <Filter>Source Files</Filter>
    </ClCompile>
    <ClCompile Include="components\comp_view_decrypt.cpp">
      <Filter>Source Files</Filter>
    </ClCompile>
    <ClCompile Include="systems\sys_evp.cpp">
      <Filter>Source Files</Filter>
    </ClCompile>
    <ClCompile Include="systems\sys_crypt.cpp">
      <Filter>Source Files</Filter>
    </ClCompile>
    <ClCompile Include="systems\sys_taskbar.cpp">
      <Filter>Source Files</Filter>
    </ClCompile>
  </ItemGroup>
</Project>