
Microsoft Visual Studio Solution File, Format Version 12.00
# Visual Studio Version 17
VisualStudioVersion = 17.2.32616.157
MinimumVisualStudioVersion = 10.0.40219.1
Project("{8BC9CEB8-8B4A-11D0-8D11-00A0C91BC942}") = "dvsku_toolkit", "dvsku_toolkit\dvsku_toolkit.vcxproj", "{914C1D91-0272-416A-B8F2-0786525635F8}"
EndProject
Project("{8BC9CEB8-8B4A-11D0-8D11-00A0C91BC942}") = "lib_glfw", "lib_glfw\lib_glfw.vcxproj", "{513F2E05-14E7-4E32-99EF-0196FA29DEEB}"
EndProject
Project("{8BC9CEB8-8B4A-11D0-8D11-00A0C91BC942}") = "lib_imgui", "lib_imgui\lib_imgui.vcxproj", "{92084D6C-3BAC-4554-BCF0-0C8DF8FB6556}"
EndProject
Global
	GlobalSection(SolutionConfigurationPlatforms) = preSolution
		Debug|x86 = Debug|x86
		Release|x86 = Release|x86
	EndGlobalSection
	GlobalSection(ProjectConfigurationPlatforms) = postSolution
		{914C1D91-0272-416A-B8F2-0786525635F8}.Debug|x86.ActiveCfg = Debug|Win32
		{914C1D91-0272-416A-B8F2-0786525635F8}.Debug|x86.Build.0 = Debug|Win32
		{914C1D91-0272-416A-B8F2-0786525635F8}.Release|x86.ActiveCfg = Release|Win32
		{914C1D91-0272-416A-B8F2-0786525635F8}.Release|x86.Build.0 = Release|Win32
		{513F2E05-14E7-4E32-99EF-0196FA29DEEB}.Debug|x86.ActiveCfg = Debug|Win32
		{513F2E05-14E7-4E32-99EF-0196FA29DEEB}.Debug|x86.Build.0 = Debug|Win32
		{513F2E05-14E7-4E32-99EF-0196FA29DEEB}.Release|x86.ActiveCfg = Release|Win32
		{513F2E05-14E7-4E32-99EF-0196FA29DEEB}.Release|x86.Build.0 = Release|Win32
		{92084D6C-3BAC-4554-BCF0-0C8DF8FB6556}.Debug|x86.ActiveCfg = Debug|Win32
		{92084D6C-3BAC-4554-BCF0-0C8DF8FB6556}.Debug|x86.Build.0 = Debug|Win32
		{92084D6C-3BAC-4554-BCF0-0C8DF8FB6556}.Release|x86.ActiveCfg = Release|Win32
		{92084D6C-3BAC-4554-BCF0-0C8DF8FB6556}.Release|x86.Build.0 = Release|Win32
	EndGlobalSection
	GlobalSection(SolutionProperties) = preSolution
		HideSolutionNode = FALSE
	EndGlobalSection
	GlobalSection(ExtensibilityGlobals) = postSolution
		SolutionGuid = {A3E3FC2D-0748-4A09-9CC4-45E2041AFBA9}
	EndGlobalSection
EndGlobal
